
Microsoft Visual Studio Solution File, Format Version 12.00
# Visual Studio 14
VisualStudioVersion = 14.0.22823.1
MinimumVisualStudioVersion = 10.0.40219.1
Project("{FAE04EC0-301F-11D3-BF4B-00C04F79EFBC}") = "loginsession", "loginsession\loginsession.csproj", "{5BC9D31F-2314-4DFF-A305-4775F0504BE2}"
EndProject
Project("{FAE04EC0-301F-11D3-BF4B-00C04F79EFBC}") = "loginsession.Tests", "loginsession.Tests\loginsession.Tests.csproj", "{4089A53D-21AF-4D0F-A01C-3744269FE8F4}"
EndProject
Global
	GlobalSection(SolutionConfigurationPlatforms) = preSolution
		Debug|Any CPU = Debug|Any CPU
		Release|Any CPU = Release|Any CPU
	EndGlobalSection
	GlobalSection(ProjectConfigurationPlatforms) = postSolution
		{5BC9D31F-2314-4DFF-A305-4775F0504BE2}.Debug|Any CPU.ActiveCfg = Debug|Any CPU
		{5BC9D31F-2314-4DFF-A305-4775F0504BE2}.Debug|Any CPU.Build.0 = Debug|Any CPU
		{5BC9D31F-2314-4DFF-A305-4775F0504BE2}.Release|Any CPU.ActiveCfg = Release|Any CPU
		{5BC9D31F-2314-4DFF-A305-4775F0504BE2}.Release|Any CPU.Build.0 = Release|Any CPU
		{4089A53D-21AF-4D0F-A01C-3744269FE8F4}.Debug|Any CPU.ActiveCfg = Debug|Any CPU
		{4089A53D-21AF-4D0F-A01C-3744269FE8F4}.Debug|Any CPU.Build.0 = Debug|Any CPU
		{4089A53D-21AF-4D0F-A01C-3744269FE8F4}.Release|Any CPU.ActiveCfg = Release|Any CPU
		{4089A53D-21AF-4D0F-A01C-3744269FE8F4}.Release|Any CPU.Build.0 = Release|Any CPU
	EndGlobalSection
	GlobalSection(SolutionProperties) = preSolution
		HideSolutionNode = FALSE
	EndGlobalSection
EndGlobal
